
Microsoft Visual Studio Solution File, Format Version 11.00
# Visual Studio 2010
Project("{FAE04EC0-301F-11D3-BF4B-00C04F79EFBC}") = "UnityEngine.TestRunner", "UnityEngine.TestRunner.csproj", "{7ccad0f1-1091-2b25-be07-62cd34d3b522}"
EndProject
Project("{FAE04EC0-301F-11D3-BF4B-00C04F79EFBC}") = "Unity.TextMeshPro", "Unity.TextMeshPro.csproj", "{59fabdd2-bba7-b213-833b-8226830ec231}"
EndProject
Project("{FAE04EC0-301F-11D3-BF4B-00C04F79EFBC}") = "Unity.Timeline", "Unity.Timeline.csproj", "{c7e144bf-8695-1a3d-b2fc-a3a20e925eab}"
EndProject
Project("{FAE04EC0-301F-11D3-BF4B-00C04F79EFBC}") = "Unity.TextMeshPro.Editor", "Unity.TextMeshPro.Editor.csproj", "{a8cf6fca-87d5-e3c1-5c03-3b5ae5592c92}"
EndProject
Project("{FAE04EC0-301F-11D3-BF4B-00C04F79EFBC}") = "Unity.Timeline.Editor", "Unity.Timeline.Editor.csproj", "{4dcfadac-922f-7308-1490-66a6d06a20e9}"
EndProject
Project("{FAE04EC0-301F-11D3-BF4B-00C04F79EFBC}") = "UnityEditor.TestRunner", "UnityEditor.TestRunner.csproj", "{dd06257a-8cc6-f8b9-0301-00708b005253}"
EndProject
Project("{FAE04EC0-301F-11D3-BF4B-00C04F79EFBC}") = "Unity.Rider.Editor", "Unity.Rider.Editor.csproj", "{f3190bcb-8b9f-b839-07e0-ec2169e354a7}"
EndProject
Project("{FAE04EC0-301F-11D3-BF4B-00C04F79EFBC}") = "Unity.CollabProxy.Editor", "Unity.CollabProxy.Editor.csproj", "{5bd4f877-f3a0-88f5-c7d7-8306276e558d}"
EndProject
Project("{FAE04EC0-301F-11D3-BF4B-00C04F79EFBC}") = "Unity.VSCode.Editor", "Unity.VSCode.Editor.csproj", "{57c90396-c1fc-3836-e42a-d019299d41aa}"
EndProject
Global
	GlobalSection(SolutionConfigurationPlatforms) = preSolution
		Debug|Any CPU = Debug|Any CPU
	EndGlobalSection
	GlobalSection(ProjectConfigurationPlatforms) = postSolution
		{7ccad0f1-1091-2b25-be07-62cd34d3b522}.Debug|Any CPU.ActiveCfg = Debug|Any CPU
		{7ccad0f1-1091-2b25-be07-62cd34d3b522}.Debug|Any CPU.Build.0 = Debug|Any CPU
		{59fabdd2-bba7-b213-833b-8226830ec231}.Debug|Any CPU.ActiveCfg = Debug|Any CPU
		{59fabdd2-bba7-b213-833b-8226830ec231}.Debug|Any CPU.Build.0 = Debug|Any CPU
		{c7e144bf-8695-1a3d-b2fc-a3a20e925eab}.Debug|Any CPU.ActiveCfg = Debug|Any CPU
		{c7e144bf-8695-1a3d-b2fc-a3a20e925eab}.Debug|Any CPU.Build.0 = Debug|Any CPU
		{a8cf6fca-87d5-e3c1-5c03-3b5ae5592c92}.Debug|Any CPU.ActiveCfg = Debug|Any CPU
		{a8cf6fca-87d5-e3c1-5c03-3b5ae5592c92}.Debug|Any CPU.Build.0 = Debug|Any CPU
		{4dcfadac-922f-7308-1490-66a6d06a20e9}.Debug|Any CPU.ActiveCfg = Debug|Any CPU
		{4dcfadac-922f-7308-1490-66a6d06a20e9}.Debug|Any CPU.Build.0 = Debug|Any CPU
		{dd06257a-8cc6-f8b9-0301-00708b005253}.Debug|Any CPU.ActiveCfg = Debug|Any CPU
		{dd06257a-8cc6-f8b9-0301-00708b005253}.Debug|Any CPU.Build.0 = Debug|Any CPU
		{f3190bcb-8b9f-b839-07e0-ec2169e354a7}.Debug|Any CPU.ActiveCfg = Debug|Any CPU
		{f3190bcb-8b9f-b839-07e0-ec2169e354a7}.Debug|Any CPU.Build.0 = Debug|Any CPU
		{5bd4f877-f3a0-88f5-c7d7-8306276e558d}.Debug|Any CPU.ActiveCfg = Debug|Any CPU
		{5bd4f877-f3a0-88f5-c7d7-8306276e558d}.Debug|Any CPU.Build.0 = Debug|Any CPU
		{57c90396-c1fc-3836-e42a-d019299d41aa}.Debug|Any CPU.ActiveCfg = Debug|Any CPU
		{57c90396-c1fc-3836-e42a-d019299d41aa}.Debug|Any CPU.Build.0 = Debug|Any CPU
	EndGlobalSection
	GlobalSection(SolutionProperties) = preSolution
		HideSolutionNode = FALSE
	EndGlobalSection
EndGlobal
